{
  "originHash" : "eb291c5878b6a430da1ca556743fd0109f383ad28c681401e0b93a12b03ca77d",
  "pins" : [
    {
      "identity" : "maplibre-gl-native-distribution",
      "kind" : "remoteSourceControl",
      "location" : "https://github.com/maplibre/maplibre-gl-native-distribution.git",
      "state" : {
        "revision" : "abe762f1e19e03a4c6943d2aad92c219da384b29",
        "version" : "6.5.4"
      }
    },
    {
      "identity" : "maplibre-swift-macros",
      "kind" : "remoteSourceControl",
      "location" : "https://github.com/stadiamaps/maplibre-swift-macros.git",
      "state" : {
        "revision" : "9e27e62dff7fd727aebd0a7c8aa74e7635a5583e",
        "version" : "0.0.5"
      }
    },
    {
      "identity" : "mockable",
      "kind" : "remoteSourceControl",
      "location" : "https://github.com/Kolos65/Mockable.git",
      "state" : {
        "revision" : "da977ecb20974c4b1cf185f5fd38771b2d4674fb",
        "version" : "0.0.10"
      }
    },
    {
      "identity" : "swift-snapshot-testing",
      "kind" : "remoteSourceControl",
      "location" : "https://github.com/pointfreeco/swift-snapshot-testing",
      "state" : {
        "revision" : "6d932a79e7173b275b96c600c86c603cf84f153c",
        "version" : "1.17.4"
      }
    },
    {
      "identity" : "swift-syntax",
      "kind" : "remoteSourceControl",
      "location" : "https://github.com/swiftlang/swift-syntax",
      "state" : {
        "revision" : "2bc86522d115234d1f588efe2bcb4ce4be8f8b82",
        "version" : "510.0.3"
      }
    }
  ],
  "version" : 3
}
